// !$*UTF8*$!
{
	archiveVersion = 1;
	classes = {
	};
	objectVersion = 56;
	objects = {

/* Begin PBXBuildFile section */
		3E0464F32BCCBCB100A5CD00 /* CustomCollectionHeaderView.swift in Sources */ = {isa = PBXBuildFile; fileRef = 3E0464F22BCCBCB100A5CD00 /* CustomCollectionHeaderView.swift */; };
		3EAC32662BC9443D00EC8DFE /* HourCollectionViewCell.swift in Sources */ = {isa = PBXBuildFile; fileRef = 3EAC32642BC9443D00EC8DFE /* HourCollectionViewCell.swift */; };
		3EAC32672BC9443D00EC8DFE /* HourCollectionViewCell.xib in Resources */ = {isa = PBXBuildFile; fileRef = 3EAC32652BC9443D00EC8DFE /* HourCollectionViewCell.xib */; };
		3EAC32692BC954C900EC8DFE /* DayScrollView.swift in Sources */ = {isa = PBXBuildFile; fileRef = 3EAC32682BC954C900EC8DFE /* DayScrollView.swift */; };
		3EAC32702BC957D000EC8DFE /* DayTableViewCell.swift in Sources */ = {isa = PBXBuildFile; fileRef = 3EAC326E2BC957D000EC8DFE /* DayTableViewCell.swift */; };
		3EAC32712BC957D000EC8DFE /* DayTableViewCell.xib in Resources */ = {isa = PBXBuildFile; fileRef = 3EAC326F2BC957D000EC8DFE /* DayTableViewCell.xib */; };
		3EAC32732BC95F5700EC8DFE /* WeatherDetailModel.swift in Sources */ = {isa = PBXBuildFile; fileRef = 3EAC32722BC95F5700EC8DFE /* WeatherDetailModel.swift */; };
		3EE90FD62BC7A86100AE87FB /* SettingNotificatioinViewController.swift in Sources */ = {isa = PBXBuildFile; fileRef = 3EE90FD52BC7A86100AE87FB /* SettingNotificatioinViewController.swift */; };
		3EE90FD92BC7A8BE00AE87FB /* TimePickerTableViewCell.swift in Sources */ = {isa = PBXBuildFile; fileRef = 3EE90FD72BC7A8BE00AE87FB /* TimePickerTableViewCell.swift */; };
		3EE90FDA2BC7A8BE00AE87FB /* TimePickerTableViewCell.xib in Resources */ = {isa = PBXBuildFile; fileRef = 3EE90FD82BC7A8BE00AE87FB /* TimePickerTableViewCell.xib */; };
		3EE90FDD2BC7A9EC00AE87FB /* LabelTableViewCell.swift in Sources */ = {isa = PBXBuildFile; fileRef = 3EE90FDB2BC7A9EC00AE87FB /* LabelTableViewCell.swift */; };
		3EE90FDE2BC7A9EC00AE87FB /* LabelTableViewCell.xib in Resources */ = {isa = PBXBuildFile; fileRef = 3EE90FDC2BC7A9EC00AE87FB /* LabelTableViewCell.xib */; };
		3EE90FE12BC7AB4700AE87FB /* ToggleTableViewCell.swift in Sources */ = {isa = PBXBuildFile; fileRef = 3EE90FDF2BC7AB4700AE87FB /* ToggleTableViewCell.swift */; };
		3EE90FE22BC7AB4700AE87FB /* ToggleTableViewCell.xib in Resources */ = {isa = PBXBuildFile; fileRef = 3EE90FE02BC7AB4700AE87FB /* ToggleTableViewCell.xib */; };
		3EE90FEA2BC7AE3D00AE87FB /* Kingfisher in Frameworks */ = {isa = PBXBuildFile; productRef = 3EE90FE92BC7AE3D00AE87FB /* Kingfisher */; };
		3EE90FEC2BC7AE4700AE87FB /* Alamofire in Frameworks */ = {isa = PBXBuildFile; productRef = 3EE90FEB2BC7AE4700AE87FB /* Alamofire */; };
		3EE90FF02BC7AEE200AE87FB /* Alamofire in Frameworks */ = {isa = PBXBuildFile; productRef = 3EE90FEF2BC7AEE200AE87FB /* Alamofire */; };
		3EE90FF22BC7AEED00AE87FB /* Kingfisher in Frameworks */ = {isa = PBXBuildFile; productRef = 3EE90FF12BC7AEED00AE87FB /* Kingfisher */; };
		3EE90FF62BC8CC1600AE87FB /* TermsPolicyTableViewController.swift in Sources */ = {isa = PBXBuildFile; fileRef = 3EE90FF52BC8CC1600AE87FB /* TermsPolicyTableViewController.swift */; };
		3EE90FF82BC8D15500AE87FB /* OpenSourceViewController.swift in Sources */ = {isa = PBXBuildFile; fileRef = 3EE90FF72BC8D15500AE87FB /* OpenSourceViewController.swift */; };
		BE6DFACE2BC4D6F60091D296 /* SearchDetailViewController.swift in Sources */ = {isa = PBXBuildFile; fileRef = BE6DFACD2BC4D6F60091D296 /* SearchDetailViewController.swift */; };
		BE6DFAD52BC529B30091D296 /* DetailViewController.swift in Sources */ = {isa = PBXBuildFile; fileRef = BE6DFAD42BC529B30091D296 /* DetailViewController.swift */; };
		BE8B3B322BCCB8B400B7CC94 /* Protocols.swift in Sources */ = {isa = PBXBuildFile; fileRef = BE8B3B312BCCB8B400B7CC94 /* Protocols.swift */; };
		BEE230052BC7799B00A9A8A1 /* .gitignore in Resources */ = {isa = PBXBuildFile; fileRef = BEE230042BC7799B00A9A8A1 /* .gitignore */; };
		BEE7DC5F2BC987F0009EF3E2 /* MainPageViewController.swift in Sources */ = {isa = PBXBuildFile; fileRef = BEE7DC5E2BC987F0009EF3E2 /* MainPageViewController.swift */; };
		BEF431992BC2E785004C7D85 /* AppDelegate.swift in Sources */ = {isa = PBXBuildFile; fileRef = BEF431982BC2E785004C7D85 /* AppDelegate.swift */; };
		BEF4319B2BC2E785004C7D85 /* SceneDelegate.swift in Sources */ = {isa = PBXBuildFile; fileRef = BEF4319A2BC2E785004C7D85 /* SceneDelegate.swift */; };
		BEF4319D2BC2E785004C7D85 /* WeatherViewController.swift in Sources */ = {isa = PBXBuildFile; fileRef = BEF4319C2BC2E785004C7D85 /* WeatherViewController.swift */; };
		BEF431A02BC2E785004C7D85 /* Base in Resources */ = {isa = PBXBuildFile; fileRef = BEF4319F2BC2E785004C7D85 /* Base */; };
		BEF431A22BC2E787004C7D85 /* Assets.xcassets in Resources */ = {isa = PBXBuildFile; fileRef = BEF431A12BC2E787004C7D85 /* Assets.xcassets */; };
		BEF431A52BC2E787004C7D85 /* Base in Resources */ = {isa = PBXBuildFile; fileRef = BEF431A42BC2E787004C7D85 /* Base */; };
		BEF431B52BC2EE21004C7D85 /* WeatherModel.swift in Sources */ = {isa = PBXBuildFile; fileRef = BEF431B42BC2EE21004C7D85 /* WeatherModel.swift */; };
		BEFDACDF2BC31F98000A5FFE /* SettingTableViewController.swift in Sources */ = {isa = PBXBuildFile; fileRef = BEFDACDE2BC31F98000A5FFE /* SettingTableViewController.swift */; };
		BEFDACE12BC31FA9000A5FFE /* AccountTableViewController.swift in Sources */ = {isa = PBXBuildFile; fileRef = BEFDACE02BC31FA9000A5FFE /* AccountTableViewController.swift */; };
		BEFDAD072BC4C55F000A5FFE /* SearchTableViewController.swift in Sources */ = {isa = PBXBuildFile; fileRef = BEFDAD062BC4C55F000A5FFE /* SearchTableViewController.swift */; };
/* End PBXBuildFile section */

/* Begin PBXFileReference section */
		3E0464F22BCCBCB100A5CD00 /* CustomCollectionHeaderView.swift */ = {isa = PBXFileReference; lastKnownFileType = sourcecode.swift; path = CustomCollectionHeaderView.swift; sourceTree = "<group>"; };
		3EAC32642BC9443D00EC8DFE /* HourCollectionViewCell.swift */ = {isa = PBXFileReference; lastKnownFileType = sourcecode.swift; path = HourCollectionViewCell.swift; sourceTree = "<group>"; };
		3EAC32652BC9443D00EC8DFE /* HourCollectionViewCell.xib */ = {isa = PBXFileReference; lastKnownFileType = file.xib; path = HourCollectionViewCell.xib; sourceTree = "<group>"; };
		3EAC32682BC954C900EC8DFE /* DayScrollView.swift */ = {isa = PBXFileReference; lastKnownFileType = sourcecode.swift; path = DayScrollView.swift; sourceTree = "<group>"; };
		3EAC326E2BC957D000EC8DFE /* DayTableViewCell.swift */ = {isa = PBXFileReference; lastKnownFileType = sourcecode.swift; path = DayTableViewCell.swift; sourceTree = "<group>"; };
		3EAC326F2BC957D000EC8DFE /* DayTableViewCell.xib */ = {isa = PBXFileReference; lastKnownFileType = file.xib; path = DayTableViewCell.xib; sourceTree = "<group>"; };
		3EAC32722BC95F5700EC8DFE /* WeatherDetailModel.swift */ = {isa = PBXFileReference; lastKnownFileType = sourcecode.swift; path = WeatherDetailModel.swift; sourceTree = "<group>"; };
		3EE90FD52BC7A86100AE87FB /* SettingNotificatioinViewController.swift */ = {isa = PBXFileReference; lastKnownFileType = sourcecode.swift; name = SettingNotificatioinViewController.swift; path = "iosProject-5/Setting/SettingNotificatioinViewController.swift"; sourceTree = SOURCE_ROOT; };
		3EE90FD72BC7A8BE00AE87FB /* TimePickerTableViewCell.swift */ = {isa = PBXFileReference; lastKnownFileType = sourcecode.swift; path = TimePickerTableViewCell.swift; sourceTree = "<group>"; };
		3EE90FD82BC7A8BE00AE87FB /* TimePickerTableViewCell.xib */ = {isa = PBXFileReference; lastKnownFileType = file.xib; path = TimePickerTableViewCell.xib; sourceTree = "<group>"; };
		3EE90FDB2BC7A9EC00AE87FB /* LabelTableViewCell.swift */ = {isa = PBXFileReference; lastKnownFileType = sourcecode.swift; path = LabelTableViewCell.swift; sourceTree = "<group>"; };
		3EE90FDC2BC7A9EC00AE87FB /* LabelTableViewCell.xib */ = {isa = PBXFileReference; lastKnownFileType = file.xib; path = LabelTableViewCell.xib; sourceTree = "<group>"; };
		3EE90FDF2BC7AB4700AE87FB /* ToggleTableViewCell.swift */ = {isa = PBXFileReference; lastKnownFileType = sourcecode.swift; path = ToggleTableViewCell.swift; sourceTree = "<group>"; };
		3EE90FE02BC7AB4700AE87FB /* ToggleTableViewCell.xib */ = {isa = PBXFileReference; lastKnownFileType = file.xib; path = ToggleTableViewCell.xib; sourceTree = "<group>"; };
		3EE90FF52BC8CC1600AE87FB /* TermsPolicyTableViewController.swift */ = {isa = PBXFileReference; lastKnownFileType = sourcecode.swift; path = TermsPolicyTableViewController.swift; sourceTree = "<group>"; };
		3EE90FF72BC8D15500AE87FB /* OpenSourceViewController.swift */ = {isa = PBXFileReference; lastKnownFileType = sourcecode.swift; path = OpenSourceViewController.swift; sourceTree = "<group>"; };
		BE6DFACD2BC4D6F60091D296 /* SearchDetailViewController.swift */ = {isa = PBXFileReference; lastKnownFileType = sourcecode.swift; path = SearchDetailViewController.swift; sourceTree = "<group>"; };
		BE6DFAD42BC529B30091D296 /* DetailViewController.swift */ = {isa = PBXFileReference; lastKnownFileType = sourcecode.swift; path = DetailViewController.swift; sourceTree = "<group>"; };
		BE8B3B312BCCB8B400B7CC94 /* Protocols.swift */ = {isa = PBXFileReference; lastKnownFileType = sourcecode.swift; path = Protocols.swift; sourceTree = "<group>"; };
		BEE230042BC7799B00A9A8A1 /* .gitignore */ = {isa = PBXFileReference; lastKnownFileType = text; path = .gitignore; sourceTree = "<group>"; };
		BEE7DC5E2BC987F0009EF3E2 /* MainPageViewController.swift */ = {isa = PBXFileReference; lastKnownFileType = sourcecode.swift; path = MainPageViewController.swift; sourceTree = "<group>"; };
		BEF431952BC2E785004C7D85 /* iosProject-5.app */ = {isa = PBXFileReference; explicitFileType = wrapper.application; includeInIndex = 0; path = "iosProject-5.app"; sourceTree = BUILT_PRODUCTS_DIR; };
		BEF431982BC2E785004C7D85 /* AppDelegate.swift */ = {isa = PBXFileReference; lastKnownFileType = sourcecode.swift; path = AppDelegate.swift; sourceTree = "<group>"; };
		BEF4319A2BC2E785004C7D85 /* SceneDelegate.swift */ = {isa = PBXFileReference; lastKnownFileType = sourcecode.swift; path = SceneDelegate.swift; sourceTree = "<group>"; };
		BEF4319C2BC2E785004C7D85 /* WeatherViewController.swift */ = {isa = PBXFileReference; lastKnownFileType = sourcecode.swift; path = WeatherViewController.swift; sourceTree = "<group>"; };
		BEF4319F2BC2E785004C7D85 /* Base */ = {isa = PBXFileReference; lastKnownFileType = file.storyboard; name = Base; path = Base.lproj/Main.storyboard; sourceTree = "<group>"; };
		BEF431A12BC2E787004C7D85 /* Assets.xcassets */ = {isa = PBXFileReference; lastKnownFileType = folder.assetcatalog; path = Assets.xcassets; sourceTree = "<group>"; };
		BEF431A42BC2E787004C7D85 /* Base */ = {isa = PBXFileReference; lastKnownFileType = file.storyboard; name = Base; path = Base.lproj/LaunchScreen.storyboard; sourceTree = "<group>"; };
		BEF431A62BC2E787004C7D85 /* Info.plist */ = {isa = PBXFileReference; lastKnownFileType = text.plist.xml; path = Info.plist; sourceTree = "<group>"; };
		BEF431B42BC2EE21004C7D85 /* WeatherModel.swift */ = {isa = PBXFileReference; lastKnownFileType = sourcecode.swift; path = WeatherModel.swift; sourceTree = "<group>"; };
		BEFDACDE2BC31F98000A5FFE /* SettingTableViewController.swift */ = {isa = PBXFileReference; lastKnownFileType = sourcecode.swift; path = SettingTableViewController.swift; sourceTree = "<group>"; };
		BEFDACE02BC31FA9000A5FFE /* AccountTableViewController.swift */ = {isa = PBXFileReference; lastKnownFileType = sourcecode.swift; path = AccountTableViewController.swift; sourceTree = "<group>"; };
		BEFDAD062BC4C55F000A5FFE /* SearchTableViewController.swift */ = {isa = PBXFileReference; lastKnownFileType = sourcecode.swift; path = SearchTableViewController.swift; sourceTree = "<group>"; };
/* End PBXFileReference section */

/* Begin PBXFrameworksBuildPhase section */
		BEF431922BC2E785004C7D85 /* Frameworks */ = {
			isa = PBXFrameworksBuildPhase;
			buildActionMask = 2147483647;
			files = (
				3EE90FEA2BC7AE3D00AE87FB /* Kingfisher in Frameworks */,
				3EE90FF02BC7AEE200AE87FB /* Alamofire in Frameworks */,
				3EE90FEC2BC7AE4700AE87FB /* Alamofire in Frameworks */,
				3EE90FF22BC7AEED00AE87FB /* Kingfisher in Frameworks */,
			);
			runOnlyForDeploymentPostprocessing = 0;
		};
/* End PBXFrameworksBuildPhase section */

/* Begin PBXGroup section */
		3EE90FD42BC7A7E900AE87FB /* SettingNotification */ = {
			isa = PBXGroup;
			children = (
				3EE90FD72BC7A8BE00AE87FB /* TimePickerTableViewCell.swift */,
				3EE90FD52BC7A86100AE87FB /* SettingNotificatioinViewController.swift */,
				3EE90FD82BC7A8BE00AE87FB /* TimePickerTableViewCell.xib */,
				3EE90FDB2BC7A9EC00AE87FB /* LabelTableViewCell.swift */,
				3EE90FDC2BC7A9EC00AE87FB /* LabelTableViewCell.xib */,
				3EE90FDF2BC7AB4700AE87FB /* ToggleTableViewCell.swift */,
				3EE90FE02BC7AB4700AE87FB /* ToggleTableViewCell.xib */,
			);
			path = SettingNotification;
			sourceTree = "<group>";
		};
		BE6DFACF2BC4D7030091D296 /* SearchView */ = {
			isa = PBXGroup;
			children = (
				BE6DFACD2BC4D6F60091D296 /* SearchDetailViewController.swift */,
				BEFDAD062BC4C55F000A5FFE /* SearchTableViewController.swift */,
			);
			path = SearchView;
			sourceTree = "<group>";
		};
		BE6DFAD02BC4D7350091D296 /* Main */ = {
			isa = PBXGroup;
			children = (
				BEF431B42BC2EE21004C7D85 /* WeatherModel.swift */,
				3EAC32722BC95F5700EC8DFE /* WeatherDetailModel.swift */,
				BEF431982BC2E785004C7D85 /* AppDelegate.swift */,
				BEF4319A2BC2E785004C7D85 /* SceneDelegate.swift */,
				BEF4319C2BC2E785004C7D85 /* WeatherViewController.swift */,
				BE6DFAD42BC529B30091D296 /* DetailViewController.swift */,
				3EAC32682BC954C900EC8DFE /* DayScrollView.swift */,
				3EAC32642BC9443D00EC8DFE /* HourCollectionViewCell.swift */,
				3EAC32652BC9443D00EC8DFE /* HourCollectionViewCell.xib */,
				3EAC326E2BC957D000EC8DFE /* DayTableViewCell.swift */,
				3EAC326F2BC957D000EC8DFE /* DayTableViewCell.xib */,
				3E0464F22BCCBCB100A5CD00 /* CustomCollectionHeaderView.swift */,
				BEE7DC5E2BC987F0009EF3E2 /* MainPageViewController.swift */,
			);
			path = Main;
			sourceTree = "<group>";
		};
		BE6DFAD22BC4D7820091D296 /* Setting */ = {
			isa = PBXGroup;
			children = (
				3EE90FD42BC7A7E900AE87FB /* SettingNotification */,
				BEFDACDE2BC31F98000A5FFE /* SettingTableViewController.swift */,
				3EE90FF52BC8CC1600AE87FB /* TermsPolicyTableViewController.swift */,
				3EE90FF72BC8D15500AE87FB /* OpenSourceViewController.swift */,
			);
			path = Setting;
			sourceTree = "<group>";
		};
		BE6DFAD32BC4D7980091D296 /* Account */ = {
			isa = PBXGroup;
			children = (
				BEFDACE02BC31FA9000A5FFE /* AccountTableViewController.swift */,
			);
			path = Account;
			sourceTree = "<group>";
		};
		BEF4318C2BC2E785004C7D85 = {
			isa = PBXGroup;
			children = (
				BEE230042BC7799B00A9A8A1 /* .gitignore */,
				BEF431972BC2E785004C7D85 /* iosProject-5 */,
				BEF431962BC2E785004C7D85 /* Products */,
			);
			sourceTree = "<group>";
		};
		BEF431962BC2E785004C7D85 /* Products */ = {
			isa = PBXGroup;
			children = (
				BEF431952BC2E785004C7D85 /* iosProject-5.app */,
			);
			name = Products;
			sourceTree = "<group>";
		};
		BEF431972BC2E785004C7D85 /* iosProject-5 */ = {
			isa = PBXGroup;
			children = (
				BE6DFAD32BC4D7980091D296 /* Account */,
				BE6DFAD22BC4D7820091D296 /* Setting */,
				BE6DFAD02BC4D7350091D296 /* Main */,
				BE6DFACF2BC4D7030091D296 /* SearchView */,
				BEF4319E2BC2E785004C7D85 /* Main.storyboard */,
				BE8B3B312BCCB8B400B7CC94 /* Protocols.swift */,
				BEF431A12BC2E787004C7D85 /* Assets.xcassets */,
				BEF431A32BC2E787004C7D85 /* LaunchScreen.storyboard */,
				BEF431A62BC2E787004C7D85 /* Info.plist */,
			);
			path = "iosProject-5";
			sourceTree = "<group>";
		};
/* End PBXGroup section */

/* Begin PBXNativeTarget section */
		BEF431942BC2E785004C7D85 /* iosProject-5 */ = {
			isa = PBXNativeTarget;
			buildConfigurationList = BEF431A92BC2E787004C7D85 /* Build configuration list for PBXNativeTarget "iosProject-5" */;
			buildPhases = (
				BEF431912BC2E785004C7D85 /* Sources */,
				BEF431922BC2E785004C7D85 /* Frameworks */,
				BEF431932BC2E785004C7D85 /* Resources */,
			);
			buildRules = (
			);
			dependencies = (
			);
			name = "iosProject-5";
			packageProductDependencies = (
				3EE90FE92BC7AE3D00AE87FB /* Kingfisher */,
				3EE90FEB2BC7AE4700AE87FB /* Alamofire */,
				3EE90FEF2BC7AEE200AE87FB /* Alamofire */,
				3EE90FF12BC7AEED00AE87FB /* Kingfisher */,
			);
			productName = "iosProject-5";
			productReference = BEF431952BC2E785004C7D85 /* iosProject-5.app */;
			productType = "com.apple.product-type.application";
		};
/* End PBXNativeTarget section */

/* Begin PBXProject section */
		BEF4318D2BC2E785004C7D85 /* Project object */ = {
			isa = PBXProject;
			attributes = {
				BuildIndependentTargetsInParallel = 1;
				LastSwiftUpdateCheck = 1530;
				LastUpgradeCheck = 1530;
				TargetAttributes = {
					BEF431942BC2E785004C7D85 = {
						CreatedOnToolsVersion = 15.3;
					};
				};
			};
			buildConfigurationList = BEF431902BC2E785004C7D85 /* Build configuration list for PBXProject "iosProject-5" */;
			compatibilityVersion = "Xcode 14.0";
			developmentRegion = en;
			hasScannedForEncodings = 0;
			knownRegions = (
				en,
				Base,
			);
			mainGroup = BEF4318C2BC2E785004C7D85;
			packageReferences = (
				BEF431AC2BC2EB4F004C7D85 /* XCRemoteSwiftPackageReference "Alamofire" */,
				BEF431B12BC2EB58004C7D85 /* XCRemoteSwiftPackageReference "Kingfisher" */,
			);
			productRefGroup = BEF431962BC2E785004C7D85 /* Products */;
			projectDirPath = "";
			projectRoot = "";
			targets = (
				BEF431942BC2E785004C7D85 /* iosProject-5 */,
			);
		};
/* End PBXProject section */

/* Begin PBXResourcesBuildPhase section */
		BEF431932BC2E785004C7D85 /* Resources */ = {
			isa = PBXResourcesBuildPhase;
			buildActionMask = 2147483647;
			files = (
				3EAC32672BC9443D00EC8DFE /* HourCollectionViewCell.xib in Resources */,
				3EAC32712BC957D000EC8DFE /* DayTableViewCell.xib in Resources */,
				3EE90FDE2BC7A9EC00AE87FB /* LabelTableViewCell.xib in Resources */,
				3EE90FE22BC7AB4700AE87FB /* ToggleTableViewCell.xib in Resources */,
				BEE230052BC7799B00A9A8A1 /* .gitignore in Resources */,
				3EE90FDA2BC7A8BE00AE87FB /* TimePickerTableViewCell.xib in Resources */,
				BEF431A22BC2E787004C7D85 /* Assets.xcassets in Resources */,
				BEF431A52BC2E787004C7D85 /* Base in Resources */,
				BEF431A02BC2E785004C7D85 /* Base in Resources */,
			);
			runOnlyForDeploymentPostprocessing = 0;
		};
/* End PBXResourcesBuildPhase section */

/* Begin PBXSourcesBuildPhase section */
		BEF431912BC2E785004C7D85 /* Sources */ = {
			isa = PBXSourcesBuildPhase;
			buildActionMask = 2147483647;
			files = (
				BE8B3B322BCCB8B400B7CC94 /* Protocols.swift in Sources */,
				BE6DFAD52BC529B30091D296 /* DetailViewController.swift in Sources */,
				BEF4319D2BC2E785004C7D85 /* WeatherViewController.swift in Sources */,
				3EE90FDD2BC7A9EC00AE87FB /* LabelTableViewCell.swift in Sources */,
				3EAC32692BC954C900EC8DFE /* DayScrollView.swift in Sources */,
				BEF431992BC2E785004C7D85 /* AppDelegate.swift in Sources */,
				BEFDACE12BC31FA9000A5FFE /* AccountTableViewController.swift in Sources */,
				3EE90FF82BC8D15500AE87FB /* OpenSourceViewController.swift in Sources */,
				3E0464F32BCCBCB100A5CD00 /* CustomCollectionHeaderView.swift in Sources */,
				BEF431B52BC2EE21004C7D85 /* WeatherModel.swift in Sources */,
				BEF4319B2BC2E785004C7D85 /* SceneDelegate.swift in Sources */,
				3EE90FE12BC7AB4700AE87FB /* ToggleTableViewCell.swift in Sources */,
				3EAC32702BC957D000EC8DFE /* DayTableViewCell.swift in Sources */,
				3EE90FD92BC7A8BE00AE87FB /* TimePickerTableViewCell.swift in Sources */,
				3EAC32732BC95F5700EC8DFE /* WeatherDetailModel.swift in Sources */,
				3EE90FF62BC8CC1600AE87FB /* TermsPolicyTableViewController.swift in Sources */,
				BEE7DC5F2BC987F0009EF3E2 /* MainPageViewController.swift in Sources */,
				3EE90FD62BC7A86100AE87FB /* SettingNotificatioinViewController.swift in Sources */,
				3EAC32662BC9443D00EC8DFE /* HourCollectionViewCell.swift in Sources */,
				BEFDACDF2BC31F98000A5FFE /* SettingTableViewController.swift in Sources */,
				BE6DFACE2BC4D6F60091D296 /* SearchDetailViewController.swift in Sources */,
				BEFDAD072BC4C55F000A5FFE /* SearchTableViewController.swift in Sources */,
			);
			runOnlyForDeploymentPostprocessing = 0;
		};
/* End PBXSourcesBuildPhase section */

/* Begin PBXVariantGroup section */
		BEF4319E2BC2E785004C7D85 /* Main.storyboard */ = {
			isa = PBXVariantGroup;
			children = (
				BEF4319F2BC2E785004C7D85 /* Base */,
			);
			name = Main.storyboard;
			sourceTree = "<group>";
		};
		BEF431A32BC2E787004C7D85 /* LaunchScreen.storyboard */ = {
			isa = PBXVariantGroup;
			children = (
				BEF431A42BC2E787004C7D85 /* Base */,
			);
			name = LaunchScreen.storyboard;
			sourceTree = "<group>";
		};
/* End PBXVariantGroup section */

/* Begin XCBuildConfiguration section */
		BEF431A72BC2E787004C7D85 /* Debug */ = {
			isa = XCBuildConfiguration;
			buildSettings = {
				ALWAYS_SEARCH_USER_PATHS = NO;
				ASSETCATALOG_COMPILER_GENERATE_SWIFT_ASSET_SYMBOL_EXTENSIONS = YES;
				CLANG_ANALYZER_NONNULL = YES;
				CLANG_ANALYZER_NUMBER_OBJECT_CONVERSION = YES_AGGRESSIVE;
				CLANG_CXX_LANGUAGE_STANDARD = "gnu++20";
				CLANG_ENABLE_MODULES = YES;
				CLANG_ENABLE_OBJC_ARC = YES;
				CLANG_ENABLE_OBJC_WEAK = YES;
				CLANG_WARN_BLOCK_CAPTURE_AUTORELEASING = YES;
				CLANG_WARN_BOOL_CONVERSION = YES;
				CLANG_WARN_COMMA = YES;
				CLANG_WARN_CONSTANT_CONVERSION = YES;
				CLANG_WARN_DEPRECATED_OBJC_IMPLEMENTATIONS = YES;
				CLANG_WARN_DIRECT_OBJC_ISA_USAGE = YES_ERROR;
				CLANG_WARN_DOCUMENTATION_COMMENTS = YES;
				CLANG_WARN_EMPTY_BODY = YES;
				CLANG_WARN_ENUM_CONVERSION = YES;
				CLANG_WARN_INFINITE_RECURSION = YES;
				CLANG_WARN_INT_CONVERSION = YES;
				CLANG_WARN_NON_LITERAL_NULL_CONVERSION = YES;
				CLANG_WARN_OBJC_IMPLICIT_RETAIN_SELF = YES;
				CLANG_WARN_OBJC_LITERAL_CONVERSION = YES;
				CLANG_WARN_OBJC_ROOT_CLASS = YES_ERROR;
				CLANG_WARN_QUOTED_INCLUDE_IN_FRAMEWORK_HEADER = YES;
				CLANG_WARN_RANGE_LOOP_ANALYSIS = YES;
				CLANG_WARN_STRICT_PROTOTYPES = YES;
				CLANG_WARN_SUSPICIOUS_MOVE = YES;
				CLANG_WARN_UNGUARDED_AVAILABILITY = YES_AGGRESSIVE;
				CLANG_WARN_UNREACHABLE_CODE = YES;
				CLANG_WARN__DUPLICATE_METHOD_MATCH = YES;
				COPY_PHASE_STRIP = NO;
				DEBUG_INFORMATION_FORMAT = dwarf;
				ENABLE_STRICT_OBJC_MSGSEND = YES;
				ENABLE_TESTABILITY = YES;
				ENABLE_USER_SCRIPT_SANDBOXING = YES;
				GCC_C_LANGUAGE_STANDARD = gnu17;
				GCC_DYNAMIC_NO_PIC = NO;
				GCC_NO_COMMON_BLOCKS = YES;
				GCC_OPTIMIZATION_LEVEL = 0;
				GCC_PREPROCESSOR_DEFINITIONS = (
					"DEBUG=1",
					"$(inherited)",
				);
				GCC_WARN_64_TO_32_BIT_CONVERSION = YES;
				GCC_WARN_ABOUT_RETURN_TYPE = YES_ERROR;
				GCC_WARN_UNDECLARED_SELECTOR = YES;
				GCC_WARN_UNINITIALIZED_AUTOS = YES_AGGRESSIVE;
				GCC_WARN_UNUSED_FUNCTION = YES;
				GCC_WARN_UNUSED_VARIABLE = YES;
				IPHONEOS_DEPLOYMENT_TARGET = 17.0;
				LOCALIZATION_PREFERS_STRING_CATALOGS = YES;
				MTL_ENABLE_DEBUG_INFO = INCLUDE_SOURCE;
				MTL_FAST_MATH = YES;
				ONLY_ACTIVE_ARCH = YES;
				SDKROOT = iphoneos;
				SWIFT_ACTIVE_COMPILATION_CONDITIONS = "DEBUG $(inherited)";
				SWIFT_OPTIMIZATION_LEVEL = "-Onone";
			};
			name = Debug;
		};
		BEF431A82BC2E787004C7D85 /* Release */ = {
			isa = XCBuildConfiguration;
			buildSettings = {
				ALWAYS_SEARCH_USER_PATHS = NO;
				ASSETCATALOG_COMPILER_GENERATE_SWIFT_ASSET_SYMBOL_EXTENSIONS = YES;
				CLANG_ANALYZER_NONNULL = YES;
				CLANG_ANALYZER_NUMBER_OBJECT_CONVERSION = YES_AGGRESSIVE;
				CLANG_CXX_LANGUAGE_STANDARD = "gnu++20";
				CLANG_ENABLE_MODULES = YES;
				CLANG_ENABLE_OBJC_ARC = YES;
				CLANG_ENABLE_OBJC_WEAK = YES;
				CLANG_WARN_BLOCK_CAPTURE_AUTORELEASING = YES;
				CLANG_WARN_BOOL_CONVERSION = YES;
				CLANG_WARN_COMMA = YES;
				CLANG_WARN_CONSTANT_CONVERSION = YES;
				CLANG_WARN_DEPRECATED_OBJC_IMPLEMENTATIONS = YES;
				CLANG_WARN_DIRECT_OBJC_ISA_USAGE = YES_ERROR;
				CLANG_WARN_DOCUMENTATION_COMMENTS = YES;
				CLANG_WARN_EMPTY_BODY = YES;
				CLANG_WARN_ENUM_CONVERSION = YES;
				CLANG_WARN_INFINITE_RECURSION = YES;
				CLANG_WARN_INT_CONVERSION = YES;
				CLANG_WARN_NON_LITERAL_NULL_CONVERSION = YES;
				CLANG_WARN_OBJC_IMPLICIT_RETAIN_SELF = YES;
				CLANG_WARN_OBJC_LITERAL_CONVERSION = YES;
				CLANG_WARN_OBJC_ROOT_CLASS = YES_ERROR;
				CLANG_WARN_QUOTED_INCLUDE_IN_FRAMEWORK_HEADER = YES;
				CLANG_WARN_RANGE_LOOP_ANALYSIS = YES;
				CLANG_WARN_STRICT_PROTOTYPES = YES;
				CLANG_WARN_SUSPICIOUS_MOVE = YES;
				CLANG_WARN_UNGUARDED_AVAILABILITY = YES_AGGRESSIVE;
				CLANG_WARN_UNREACHABLE_CODE = YES;
				CLANG_WARN__DUPLICATE_METHOD_MATCH = YES;
				COPY_PHASE_STRIP = NO;
				DEBUG_INFORMATION_FORMAT = "dwarf-with-dsym";
				ENABLE_NS_ASSERTIONS = NO;
				ENABLE_STRICT_OBJC_MSGSEND = YES;
				ENABLE_USER_SCRIPT_SANDBOXING = YES;
				GCC_C_LANGUAGE_STANDARD = gnu17;
				GCC_NO_COMMON_BLOCKS = YES;
				GCC_WARN_64_TO_32_BIT_CONVERSION = YES;
				GCC_WARN_ABOUT_RETURN_TYPE = YES_ERROR;
				GCC_WARN_UNDECLARED_SELECTOR = YES;
				GCC_WARN_UNINITIALIZED_AUTOS = YES_AGGRESSIVE;
				GCC_WARN_UNUSED_FUNCTION = YES;
				GCC_WARN_UNUSED_VARIABLE = YES;
				IPHONEOS_DEPLOYMENT_TARGET = 17.0;
				LOCALIZATION_PREFERS_STRING_CATALOGS = YES;
				MTL_ENABLE_DEBUG_INFO = NO;
				MTL_FAST_MATH = YES;
				SDKROOT = iphoneos;
				SWIFT_COMPILATION_MODE = wholemodule;
				VALIDATE_PRODUCT = YES;
			};
			name = Release;
		};
		BEF431AA2BC2E787004C7D85 /* Debug */ = {
			isa = XCBuildConfiguration;
			buildSettings = {
				ASSETCATALOG_COMPILER_APPICON_NAME = AppIcon;
				ASSETCATALOG_COMPILER_GLOBAL_ACCENT_COLOR_NAME = AccentColor;
				CODE_SIGN_STYLE = Automatic;
				CURRENT_PROJECT_VERSION = 1;
				DEVELOPMENT_TEAM = L2NAN5CVVD;
				GENERATE_INFOPLIST_FILE = YES;
				INFOPLIST_FILE = "iosProject-5/Info.plist";
				INFOPLIST_KEY_NSLocationWhenInUseUsageDescription = "날씨 정보 조회를 위해 현재 위치 정보가 필요합니다.";
				INFOPLIST_KEY_UIApplicationSupportsIndirectInputEvents = YES;
				INFOPLIST_KEY_UILaunchStoryboardName = LaunchScreen;
				INFOPLIST_KEY_UIMainStoryboardFile = Main;
				INFOPLIST_KEY_UISupportedInterfaceOrientations_iPad = "UIInterfaceOrientationPortrait UIInterfaceOrientationPortraitUpsideDown UIInterfaceOrientationLandscapeLeft UIInterfaceOrientationLandscapeRight";
				INFOPLIST_KEY_UISupportedInterfaceOrientations_iPhone = "UIInterfaceOrientationPortrait UIInterfaceOrientationLandscapeLeft UIInterfaceOrientationLandscapeRight";
				LD_RUNPATH_SEARCH_PATHS = (
					"$(inherited)",
					"@executable_path/Frameworks",
				);
				MARKETING_VERSION = 1.0;
				PRODUCT_BUNDLE_IDENTIFIER = "org.kibwa.hbs.iosProject-55";
				PRODUCT_NAME = "$(TARGET_NAME)";
				SWIFT_EMIT_LOC_STRINGS = YES;
				SWIFT_VERSION = 5.0;
				TARGETED_DEVICE_FAMILY = "1,2";
			};
			name = Debug;
		};
		BEF431AB2BC2E787004C7D85 /* Release */ = {
			isa = XCBuildConfiguration;
			buildSettings = {
				ASSETCATALOG_COMPILER_APPICON_NAME = AppIcon;
				ASSETCATALOG_COMPILER_GLOBAL_ACCENT_COLOR_NAME = AccentColor;
				CODE_SIGN_STYLE = Automatic;
				CURRENT_PROJECT_VERSION = 1;
				DEVELOPMENT_TEAM = L2NAN5CVVD;
				GENERATE_INFOPLIST_FILE = YES;
				INFOPLIST_FILE = "iosProject-5/Info.plist";
				INFOPLIST_KEY_NSLocationWhenInUseUsageDescription = "날씨 정보 조회를 위해 현재 위치 정보가 필요합니다.";
				INFOPLIST_KEY_UIApplicationSupportsIndirectInputEvents = YES;
				INFOPLIST_KEY_UILaunchStoryboardName = LaunchScreen;
				INFOPLIST_KEY_UIMainStoryboardFile = Main;
				INFOPLIST_KEY_UISupportedInterfaceOrientations_iPad = "UIInterfaceOrientationPortrait UIInterfaceOrientationPortraitUpsideDown UIInterfaceOrientationLandscapeLeft UIInterfaceOrientationLandscapeRight";
				INFOPLIST_KEY_UISupportedInterfaceOrientations_iPhone = "UIInterfaceOrientationPortrait UIInterfaceOrientationLandscapeLeft UIInterfaceOrientationLandscapeRight";
				LD_RUNPATH_SEARCH_PATHS = (
					"$(inherited)",
					"@executable_path/Frameworks",
				);
				MARKETING_VERSION = 1.0;
				PRODUCT_BUNDLE_IDENTIFIER = "org.kibwa.hbs.iosProject-55";
				PRODUCT_NAME = "$(TARGET_NAME)";
				SWIFT_EMIT_LOC_STRINGS = YES;
				SWIFT_VERSION = 5.0;
				TARGETED_DEVICE_FAMILY = "1,2";
			};
			name = Release;
		};
/* End XCBuildConfiguration section */

/* Begin XCConfigurationList section */
		BEF431902BC2E785004C7D85 /* Build configuration list for PBXProject "iosProject-5" */ = {
			isa = XCConfigurationList;
			buildConfigurations = (
				BEF431A72BC2E787004C7D85 /* Debug */,
				BEF431A82BC2E787004C7D85 /* Release */,
			);
			defaultConfigurationIsVisible = 0;
			defaultConfigurationName = Release;
		};
		BEF431A92BC2E787004C7D85 /* Build configuration list for PBXNativeTarget "iosProject-5" */ = {
			isa = XCConfigurationList;
			buildConfigurations = (
				BEF431AA2BC2E787004C7D85 /* Debug */,
				BEF431AB2BC2E787004C7D85 /* Release */,
			);
			defaultConfigurationIsVisible = 0;
			defaultConfigurationName = Release;
		};
/* End XCConfigurationList section */

/* Begin XCRemoteSwiftPackageReference section */
		BEF431AC2BC2EB4F004C7D85 /* XCRemoteSwiftPackageReference "Alamofire" */ = {
			isa = XCRemoteSwiftPackageReference;
			repositoryURL = "https://github.com/Alamofire/Alamofire.git";
			requirement = {
				kind = upToNextMajorVersion;
				minimumVersion = 5.9.1;
			};
		};
		BEF431B12BC2EB58004C7D85 /* XCRemoteSwiftPackageReference "Kingfisher" */ = {
			isa = XCRemoteSwiftPackageReference;
			repositoryURL = "https://github.com/onevcat/Kingfisher.git";
			requirement = {
				kind = upToNextMajorVersion;
				minimumVersion = 7.11.0;
			};
		};
/* End XCRemoteSwiftPackageReference section */

/* Begin XCSwiftPackageProductDependency section */
		3EE90FE92BC7AE3D00AE87FB /* Kingfisher */ = {
			isa = XCSwiftPackageProductDependency;
			package = BEF431B12BC2EB58004C7D85 /* XCRemoteSwiftPackageReference "Kingfisher" */;
			productName = Kingfisher;
		};
		3EE90FEB2BC7AE4700AE87FB /* Alamofire */ = {
			isa = XCSwiftPackageProductDependency;
			package = BEF431AC2BC2EB4F004C7D85 /* XCRemoteSwiftPackageReference "Alamofire" */;
			productName = Alamofire;
		};
		3EE90FEF2BC7AEE200AE87FB /* Alamofire */ = {
			isa = XCSwiftPackageProductDependency;
			package = BEF431AC2BC2EB4F004C7D85 /* XCRemoteSwiftPackageReference "Alamofire" */;
			productName = Alamofire;
		};
		3EE90FF12BC7AEED00AE87FB /* Kingfisher */ = {
			isa = XCSwiftPackageProductDependency;
			package = BEF431B12BC2EB58004C7D85 /* XCRemoteSwiftPackageReference "Kingfisher" */;
			productName = Kingfisher;
		};
/* End XCSwiftPackageProductDependency section */
	};
	rootObject = BEF4318D2BC2E785004C7D85 /* Project object */;
}
